{
  "originHash" : "ed7a0c04993129130615ab0ab6a6800c4331262b25d574a5d29d7e47537b8618",
  "pins" : [
    {
      "identity" : "capacitor-swift-pm",
      "kind" : "remoteSourceControl",
      "location" : "https://github.com/ionic-team/capacitor-swift-pm.git",
      "state" : {
        "revision" : "4f71d0b979f2f957326f04353eca7604ee937e1e",
        "version" : "8.5.0"
      }
    }
  ],
  "version" : 3
}
